// !$*UTF8*$!
{
	archiveVersion = 1;
	classes = {
	};
	objectVersion = 56;
	objects = {

/* Begin PBXBuildFile section */
		09FB93AF2B515C3100AC8BCB /* TouchdownApp.swift in Sources */ = {isa = PBXBuildFile; fileRef = 09FB93AE2B515C3100AC8BCB /* TouchdownApp.swift */; };
		09FB93B12B515C3100AC8BCB /* ContentView.swift in Sources */ = {isa = PBXBuildFile; fileRef = 09FB93B02B515C3100AC8BCB /* ContentView.swift */; };
		09FB93B32B515C3300AC8BCB /* Assets.xcassets in Resources */ = {isa = PBXBuildFile; fileRef = 09FB93B22B515C3300AC8BCB /* Assets.xcassets */; };
		09FB93B62B515C3300AC8BCB /* Preview Assets.xcassets in Resources */ = {isa = PBXBuildFile; fileRef = 09FB93B52B515C3300AC8BCB /* Preview Assets.xcassets */; };
		09FB93C02B515CFE00AC8BCB /* player.json in Resources */ = {isa = PBXBuildFile; fileRef = 09FB93BC2B515CFE00AC8BCB /* player.json */; };
		09FB93C12B515CFE00AC8BCB /* category.json in Resources */ = {isa = PBXBuildFile; fileRef = 09FB93BD2B515CFE00AC8BCB /* category.json */; };
		09FB93C22B515CFE00AC8BCB /* brand.json in Resources */ = {isa = PBXBuildFile; fileRef = 09FB93BE2B515CFE00AC8BCB /* brand.json */; };
		09FB93C32B515CFE00AC8BCB /* product.json in Resources */ = {isa = PBXBuildFile; fileRef = 09FB93BF2B515CFE00AC8BCB /* product.json */; };
		09FB93CE2B51628E00AC8BCB /* Constant.swift in Sources */ = {isa = PBXBuildFile; fileRef = 09FB93CD2B51628E00AC8BCB /* Constant.swift */; };
		09FB93D02B51635800AC8BCB /* FooterView.swift in Sources */ = {isa = PBXBuildFile; fileRef = 09FB93CF2B51635800AC8BCB /* FooterView.swift */; };
		09FB93D22B516A4F00AC8BCB /* NavigationBarView.swift in Sources */ = {isa = PBXBuildFile; fileRef = 09FB93D12B516A4F00AC8BCB /* NavigationBarView.swift */; };
		09FB93D42B516BB600AC8BCB /* LogoView.swift in Sources */ = {isa = PBXBuildFile; fileRef = 09FB93D32B516BB600AC8BCB /* LogoView.swift */; };
		09FB93D62B51717C00AC8BCB /* PlayerModel.swift in Sources */ = {isa = PBXBuildFile; fileRef = 09FB93D52B51717B00AC8BCB /* PlayerModel.swift */; };
		09FB93D82B5171B000AC8BCB /* CodableBundleExtension.swift in Sources */ = {isa = PBXBuildFile; fileRef = 09FB93D72B5171B000AC8BCB /* CodableBundleExtension.swift */; };
		09FB93DA2B5172D400AC8BCB /* FeaturedItemView.swift in Sources */ = {isa = PBXBuildFile; fileRef = 09FB93D92B5172D400AC8BCB /* FeaturedItemView.swift */; };
		09FB93DC2B5173BD00AC8BCB /* FeaturedTabView.swift in Sources */ = {isa = PBXBuildFile; fileRef = 09FB93DB2B5173BD00AC8BCB /* FeaturedTabView.swift */; };
		09FB93DE2B51859C00AC8BCB /* CategoryModel.swift in Sources */ = {isa = PBXBuildFile; fileRef = 09FB93DD2B51859C00AC8BCB /* CategoryModel.swift */; };
		09FB93E02B51869F00AC8BCB /* CategoryItemView.swift in Sources */ = {isa = PBXBuildFile; fileRef = 09FB93DF2B51869F00AC8BCB /* CategoryItemView.swift */; };
		09FB93E22B5187EF00AC8BCB /* CategoryGridView.swift in Sources */ = {isa = PBXBuildFile; fileRef = 09FB93E12B5187EF00AC8BCB /* CategoryGridView.swift */; };
		09FB93E42B51896600AC8BCB /* SectionView.swift in Sources */ = {isa = PBXBuildFile; fileRef = 09FB93E32B51896600AC8BCB /* SectionView.swift */; };
/* End PBXBuildFile section */

/* Begin PBXFileReference section */
		09FB93AB2B515C3100AC8BCB /* Touchdown.app */ = {isa = PBXFileReference; explicitFileType = wrapper.application; includeInIndex = 0; path = Touchdown.app; sourceTree = BUILT_PRODUCTS_DIR; };
		09FB93AE2B515C3100AC8BCB /* TouchdownApp.swift */ = {isa = PBXFileReference; lastKnownFileType = sourcecode.swift; path = TouchdownApp.swift; sourceTree = "<group>"; };
		09FB93B02B515C3100AC8BCB /* ContentView.swift */ = {isa = PBXFileReference; lastKnownFileType = sourcecode.swift; path = ContentView.swift; sourceTree = "<group>"; };
		09FB93B22B515C3300AC8BCB /* Assets.xcassets */ = {isa = PBXFileReference; lastKnownFileType = folder.assetcatalog; path = Assets.xcassets; sourceTree = "<group>"; };
		09FB93B52B515C3300AC8BCB /* Preview Assets.xcassets */ = {isa = PBXFileReference; lastKnownFileType = folder.assetcatalog; path = "Preview Assets.xcassets"; sourceTree = "<group>"; };
		09FB93BC2B515CFE00AC8BCB /* player.json */ = {isa = PBXFileReference; fileEncoding = 4; lastKnownFileType = text.json; path = player.json; sourceTree = "<group>"; };
		09FB93BD2B515CFE00AC8BCB /* category.json */ = {isa = PBXFileReference; fileEncoding = 4; lastKnownFileType = text.json; path = category.json; sourceTree = "<group>"; };
		09FB93BE2B515CFE00AC8BCB /* brand.json */ = {isa = PBXFileReference; fileEncoding = 4; lastKnownFileType = text.json; path = brand.json; sourceTree = "<group>"; };
		09FB93BF2B515CFE00AC8BCB /* product.json */ = {isa = PBXFileReference; fileEncoding = 4; lastKnownFileType = text.json; path = product.json; sourceTree = "<group>"; };
		09FB93C52B515D7D00AC8BCB /* Info.plist */ = {isa = PBXFileReference; lastKnownFileType = text.plist; path = Info.plist; sourceTree = "<group>"; };
		09FB93CD2B51628E00AC8BCB /* Constant.swift */ = {isa = PBXFileReference; lastKnownFileType = sourcecode.swift; path = Constant.swift; sourceTree = "<group>"; };
		09FB93CF2B51635800AC8BCB /* FooterView.swift */ = {isa = PBXFileReference; lastKnownFileType = sourcecode.swift; path = FooterView.swift; sourceTree = "<group>"; };
		09FB93D12B516A4F00AC8BCB /* NavigationBarView.swift */ = {isa = PBXFileReference; lastKnownFileType = sourcecode.swift; path = NavigationBarView.swift; sourceTree = "<group>"; };
		09FB93D32B516BB600AC8BCB /* LogoView.swift */ = {isa = PBXFileReference; lastKnownFileType = sourcecode.swift; path = LogoView.swift; sourceTree = "<group>"; };
		09FB93D52B51717B00AC8BCB /* PlayerModel.swift */ = {isa = PBXFileReference; lastKnownFileType = sourcecode.swift; path = PlayerModel.swift; sourceTree = "<group>"; };
		09FB93D72B5171B000AC8BCB /* CodableBundleExtension.swift */ = {isa = PBXFileReference; lastKnownFileType = sourcecode.swift; path = CodableBundleExtension.swift; sourceTree = "<group>"; };
		09FB93D92B5172D400AC8BCB /* FeaturedItemView.swift */ = {isa = PBXFileReference; lastKnownFileType = sourcecode.swift; path = FeaturedItemView.swift; sourceTree = "<group>"; };
		09FB93DB2B5173BD00AC8BCB /* FeaturedTabView.swift */ = {isa = PBXFileReference; lastKnownFileType = sourcecode.swift; path = FeaturedTabView.swift; sourceTree = "<group>"; };
		09FB93DD2B51859C00AC8BCB /* CategoryModel.swift */ = {isa = PBXFileReference; lastKnownFileType = sourcecode.swift; path = CategoryModel.swift; sourceTree = "<group>"; };
		09FB93DF2B51869F00AC8BCB /* CategoryItemView.swift */ = {isa = PBXFileReference; lastKnownFileType = sourcecode.swift; path = CategoryItemView.swift; sourceTree = "<group>"; };
		09FB93E12B5187EF00AC8BCB /* CategoryGridView.swift */ = {isa = PBXFileReference; lastKnownFileType = sourcecode.swift; path = CategoryGridView.swift; sourceTree = "<group>"; };
		09FB93E32B51896600AC8BCB /* SectionView.swift */ = {isa = PBXFileReference; lastKnownFileType = sourcecode.swift; path = SectionView.swift; sourceTree = "<group>"; };
/* End PBXFileReference section */

/* Begin PBXFrameworksBuildPhase section */
		09FB93A82B515C3100AC8BCB /* Frameworks */ = {
			isa = PBXFrameworksBuildPhase;
			buildActionMask = 2147483647;
			files = (
			);
			runOnlyForDeploymentPostprocessing = 0;
		};
/* End PBXFrameworksBuildPhase section */

/* Begin PBXGroup section */
		09FB93A22B515C3000AC8BCB = {
			isa = PBXGroup;
			children = (
				09FB93AD2B515C3100AC8BCB /* Touchdown */,
				09FB93AC2B515C3100AC8BCB /* Products */,
			);
			sourceTree = "<group>";
		};
		09FB93AC2B515C3100AC8BCB /* Products */ = {
			isa = PBXGroup;
			children = (
				09FB93AB2B515C3100AC8BCB /* Touchdown.app */,
			);
			name = Products;
			sourceTree = "<group>";
		};
		09FB93AD2B515C3100AC8BCB /* Touchdown */ = {
			isa = PBXGroup;
			children = (
				09FB93C62B5161D900AC8BCB /* App */,
				09FB93C72B5161E400AC8BCB /* View */,
				09FB93C42B515D2400AC8BCB /* Data */,
				09FB93CA2B5161FC00AC8BCB /* Model */,
				09FB93CB2B51620500AC8BCB /* Extension */,
				09FB93CC2B51621000AC8BCB /* Utility */,
				09FB93B22B515C3300AC8BCB /* Assets.xcassets */,
				09FB93C52B515D7D00AC8BCB /* Info.plist */,
				09FB93B42B515C3300AC8BCB /* Preview Content */,
			);
			path = Touchdown;
			sourceTree = "<group>";
		};
		09FB93B42B515C3300AC8BCB /* Preview Content */ = {
			isa = PBXGroup;
			children = (
				09FB93B52B515C3300AC8BCB /* Preview Assets.xcassets */,
			);
			path = "Preview Content";
			sourceTree = "<group>";
		};
		09FB93C42B515D2400AC8BCB /* Data */ = {
			isa = PBXGroup;
			children = (
				09FB93BE2B515CFE00AC8BCB /* brand.json */,
				09FB93BD2B515CFE00AC8BCB /* category.json */,
				09FB93BC2B515CFE00AC8BCB /* player.json */,
				09FB93BF2B515CFE00AC8BCB /* product.json */,
			);
			path = Data;
			sourceTree = "<group>";
		};
		09FB93C62B5161D900AC8BCB /* App */ = {
			isa = PBXGroup;
			children = (
				09FB93AE2B515C3100AC8BCB /* TouchdownApp.swift */,
				09FB93B02B515C3100AC8BCB /* ContentView.swift */,
			);
			path = App;
			sourceTree = "<group>";
		};
		09FB93C72B5161E400AC8BCB /* View */ = {
			isa = PBXGroup;
			children = (
				09FB93C82B5161E800AC8BCB /* Home */,
				09FB93C92B5161F300AC8BCB /* Detail */,
			);
			path = View;
			sourceTree = "<group>";
		};
		09FB93C82B5161E800AC8BCB /* Home */ = {
			isa = PBXGroup;
			children = (
				09FB93CF2B51635800AC8BCB /* FooterView.swift */,
				09FB93D12B516A4F00AC8BCB /* NavigationBarView.swift */,
				09FB93D32B516BB600AC8BCB /* LogoView.swift */,
				09FB93D92B5172D400AC8BCB /* FeaturedItemView.swift */,
				09FB93DB2B5173BD00AC8BCB /* FeaturedTabView.swift */,
				09FB93DF2B51869F00AC8BCB /* CategoryItemView.swift */,
				09FB93E12B5187EF00AC8BCB /* CategoryGridView.swift */,
				09FB93E32B51896600AC8BCB /* SectionView.swift */,
			);
			path = Home;
			sourceTree = "<group>";
		};
		09FB93C92B5161F300AC8BCB /* Detail */ = {
			isa = PBXGroup;
			children = (
			);
			path = Detail;
			sourceTree = "<group>";
		};
		09FB93CA2B5161FC00AC8BCB /* Model */ = {
			isa = PBXGroup;
			children = (
				09FB93D52B51717B00AC8BCB /* PlayerModel.swift */,
				09FB93DD2B51859C00AC8BCB /* CategoryModel.swift */,
			);
			path = Model;
			sourceTree = "<group>";
		};
		09FB93CB2B51620500AC8BCB /* Extension */ = {
			isa = PBXGroup;
			children = (
				09FB93D72B5171B000AC8BCB /* CodableBundleExtension.swift */,
			);
			path = Extension;
			sourceTree = "<group>";
		};
		09FB93CC2B51621000AC8BCB /* Utility */ = {
			isa = PBXGroup;
			children = (
				09FB93CD2B51628E00AC8BCB /* Constant.swift */,
			);
			path = Utility;
			sourceTree = "<group>";
		};
/* End PBXGroup section */

/* Begin PBXNativeTarget section */
		09FB93AA2B515C3100AC8BCB /* Touchdown */ = {
			isa = PBXNativeTarget;
			buildConfigurationList = 09FB93B92B515C3300AC8BCB /* Build configuration list for PBXNativeTarget "Touchdown" */;
			buildPhases = (
				09FB93A72B515C3100AC8BCB /* Sources */,
				09FB93A82B515C3100AC8BCB /* Frameworks */,
				09FB93A92B515C3100AC8BCB /* Resources */,
			);
			buildRules = (
			);
			dependencies = (
			);
			name = Touchdown;
			productName = Touchdown;
			productReference = 09FB93AB2B515C3100AC8BCB /* Touchdown.app */;
			productType = "com.apple.product-type.application";
		};
/* End PBXNativeTarget section */

/* Begin PBXProject section */
		09FB93A32B515C3000AC8BCB /* Project object */ = {
			isa = PBXProject;
			attributes = {
				BuildIndependentTargetsInParallel = 1;
				LastSwiftUpdateCheck = 1510;
				LastUpgradeCheck = 1510;
				TargetAttributes = {
					09FB93AA2B515C3100AC8BCB = {
						CreatedOnToolsVersion = 15.1;
					};
				};
			};
			buildConfigurationList = 09FB93A62B515C3000AC8BCB /* Build configuration list for PBXProject "Touchdown" */;
			compatibilityVersion = "Xcode 14.0";
			developmentRegion = en;
			hasScannedForEncodings = 0;
			knownRegions = (
				en,
				Base,
			);
			mainGroup = 09FB93A22B515C3000AC8BCB;
			productRefGroup = 09FB93AC2B515C3100AC8BCB /* Products */;
			projectDirPath = "";
			projectRoot = "";
			targets = (
				09FB93AA2B515C3100AC8BCB /* Touchdown */,
			);
		};
/* End PBXProject section */

/* Begin PBXResourcesBuildPhase section */
		09FB93A92B515C3100AC8BCB /* Resources */ = {
			isa = PBXResourcesBuildPhase;
			buildActionMask = 2147483647;
			files = (
				09FB93C02B515CFE00AC8BCB /* player.json in Resources */,
				09FB93C22B515CFE00AC8BCB /* brand.json in Resources */,
				09FB93B62B515C3300AC8BCB /* Preview Assets.xcassets in Resources */,
				09FB93B32B515C3300AC8BCB /* Assets.xcassets in Resources */,
				09FB93C12B515CFE00AC8BCB /* category.json in Resources */,
				09FB93C32B515CFE00AC8BCB /* product.json in Resources */,
			);
			runOnlyForDeploymentPostprocessing = 0;
		};
/* End PBXResourcesBuildPhase section */

/* Begin PBXSourcesBuildPhase section */
		09FB93A72B515C3100AC8BCB /* Sources */ = {
			isa = PBXSourcesBuildPhase;
			buildActionMask = 2147483647;
			files = (
				09FB93D82B5171B000AC8BCB /* CodableBundleExtension.swift in Sources */,
				09FB93B12B515C3100AC8BCB /* ContentView.swift in Sources */,
				09FB93D42B516BB600AC8BCB /* LogoView.swift in Sources */,
				09FB93D02B51635800AC8BCB /* FooterView.swift in Sources */,
				09FB93DA2B5172D400AC8BCB /* FeaturedItemView.swift in Sources */,
				09FB93AF2B515C3100AC8BCB /* TouchdownApp.swift in Sources */,
				09FB93CE2B51628E00AC8BCB /* Constant.swift in Sources */,
				09FB93E22B5187EF00AC8BCB /* CategoryGridView.swift in Sources */,
				09FB93DE2B51859C00AC8BCB /* CategoryModel.swift in Sources */,
				09FB93D22B516A4F00AC8BCB /* NavigationBarView.swift in Sources */,
				09FB93E42B51896600AC8BCB /* SectionView.swift in Sources */,
				09FB93E02B51869F00AC8BCB /* CategoryItemView.swift in Sources */,
				09FB93DC2B5173BD00AC8BCB /* FeaturedTabView.swift in Sources */,
				09FB93D62B51717C00AC8BCB /* PlayerModel.swift in Sources */,
			);
			runOnlyForDeploymentPostprocessing = 0;
		};
/* End PBXSourcesBuildPhase section */

/* Begin XCBuildConfiguration section */
		09FB93B72B515C3300AC8BCB /* Debug */ = {
			isa = XCBuildConfiguration;
			buildSettings = {
				ALWAYS_SEARCH_USER_PATHS = NO;
				ASSETCATALOG_COMPILER_GENERATE_SWIFT_ASSET_SYMBOL_EXTENSIONS = YES;
				CLANG_ANALYZER_NONNULL = YES;
				CLANG_ANALYZER_NUMBER_OBJECT_CONVERSION = YES_AGGRESSIVE;
				CLANG_CXX_LANGUAGE_STANDARD = "gnu++20";
				CLANG_ENABLE_MODULES = YES;
				CLANG_ENABLE_OBJC_ARC = YES;
				CLANG_ENABLE_OBJC_WEAK = YES;
				CLANG_WARN_BLOCK_CAPTURE_AUTORELEASING = YES;
				CLANG_WARN_BOOL_CONVERSION = YES;
				CLANG_WARN_COMMA = YES;
				CLANG_WARN_CONSTANT_CONVERSION = YES;
				CLANG_WARN_DEPRECATED_OBJC_IMPLEMENTATIONS = YES;
				CLANG_WARN_DIRECT_OBJC_ISA_USAGE = YES_ERROR;
				CLANG_WARN_DOCUMENTATION_COMMENTS = YES;
				CLANG_WARN_EMPTY_BODY = YES;
				CLANG_WARN_ENUM_CONVERSION = YES;
				CLANG_WARN_INFINITE_RECURSION = YES;
				CLANG_WARN_INT_CONVERSION = YES;
				CLANG_WARN_NON_LITERAL_NULL_CONVERSION = YES;
				CLANG_WARN_OBJC_IMPLICIT_RETAIN_SELF = YES;
				CLANG_WARN_OBJC_LITERAL_CONVERSION = YES;
				CLANG_WARN_OBJC_ROOT_CLASS = YES_ERROR;
				CLANG_WARN_QUOTED_INCLUDE_IN_FRAMEWORK_HEADER = YES;
				CLANG_WARN_RANGE_LOOP_ANALYSIS = YES;
				CLANG_WARN_STRICT_PROTOTYPES = YES;
				CLANG_WARN_SUSPICIOUS_MOVE = YES;
				CLANG_WARN_UNGUARDED_AVAILABILITY = YES_AGGRESSIVE;
				CLANG_WARN_UNREACHABLE_CODE = YES;
				CLANG_WARN__DUPLICATE_METHOD_MATCH = YES;
				COPY_PHASE_STRIP = NO;
				DEBUG_INFORMATION_FORMAT = dwarf;
				ENABLE_STRICT_OBJC_MSGSEND = YES;
				ENABLE_TESTABILITY = YES;
				ENABLE_USER_SCRIPT_SANDBOXING = YES;
				GCC_C_LANGUAGE_STANDARD = gnu17;
				GCC_DYNAMIC_NO_PIC = NO;
				GCC_NO_COMMON_BLOCKS = YES;
				GCC_OPTIMIZATION_LEVEL = 0;
				GCC_PREPROCESSOR_DEFINITIONS = (
					"DEBUG=1",
					"$(inherited)",
				);
				GCC_WARN_64_TO_32_BIT_CONVERSION = YES;
				GCC_WARN_ABOUT_RETURN_TYPE = YES_ERROR;
				GCC_WARN_UNDECLARED_SELECTOR = YES;
				GCC_WARN_UNINITIALIZED_AUTOS = YES_AGGRESSIVE;
				GCC_WARN_UNUSED_FUNCTION = YES;
				GCC_WARN_UNUSED_VARIABLE = YES;
				IPHONEOS_DEPLOYMENT_TARGET = 17.2;
				LOCALIZATION_PREFERS_STRING_CATALOGS = YES;
				MTL_ENABLE_DEBUG_INFO = INCLUDE_SOURCE;
				MTL_FAST_MATH = YES;
				ONLY_ACTIVE_ARCH = YES;
				SDKROOT = iphoneos;
				SWIFT_ACTIVE_COMPILATION_CONDITIONS = "DEBUG $(inherited)";
				SWIFT_OPTIMIZATION_LEVEL = "-Onone";
			};
			name = Debug;
		};
		09FB93B82B515C3300AC8BCB /* Release */ = {
			isa = XCBuildConfiguration;
			buildSettings = {
				ALWAYS_SEARCH_USER_PATHS = NO;
				ASSETCATALOG_COMPILER_GENERATE_SWIFT_ASSET_SYMBOL_EXTENSIONS = YES;
				CLANG_ANALYZER_NONNULL = YES;
				CLANG_ANALYZER_NUMBER_OBJECT_CONVERSION = YES_AGGRESSIVE;
				CLANG_CXX_LANGUAGE_STANDARD = "gnu++20";
				CLANG_ENABLE_MODULES = YES;
				CLANG_ENABLE_OBJC_ARC = YES;
				CLANG_ENABLE_OBJC_WEAK = YES;
				CLANG_WARN_BLOCK_CAPTURE_AUTORELEASING = YES;
				CLANG_WARN_BOOL_CONVERSION = YES;
				CLANG_WARN_COMMA = YES;
				CLANG_WARN_CONSTANT_CONVERSION = YES;
				CLANG_WARN_DEPRECATED_OBJC_IMPLEMENTATIONS = YES;
				CLANG_WARN_DIRECT_OBJC_ISA_USAGE = YES_ERROR;
				CLANG_WARN_DOCUMENTATION_COMMENTS = YES;
				CLANG_WARN_EMPTY_BODY = YES;
				CLANG_WARN_ENUM_CONVERSION = YES;
				CLANG_WARN_INFINITE_RECURSION = YES;
				CLANG_WARN_INT_CONVERSION = YES;
				CLANG_WARN_NON_LITERAL_NULL_CONVERSION = YES;
				CLANG_WARN_OBJC_IMPLICIT_RETAIN_SELF = YES;
				CLANG_WARN_OBJC_LITERAL_CONVERSION = YES;
				CLANG_WARN_OBJC_ROOT_CLASS = YES_ERROR;
				CLANG_WARN_QUOTED_INCLUDE_IN_FRAMEWORK_HEADER = YES;
				CLANG_WARN_RANGE_LOOP_ANALYSIS = YES;
				CLANG_WARN_STRICT_PROTOTYPES = YES;
				CLANG_WARN_SUSPICIOUS_MOVE = YES;
				CLANG_WARN_UNGUARDED_AVAILABILITY = YES_AGGRESSIVE;
				CLANG_WARN_UNREACHABLE_CODE = YES;
				CLANG_WARN__DUPLICATE_METHOD_MATCH = YES;
				COPY_PHASE_STRIP = NO;
				DEBUG_INFORMATION_FORMAT = "dwarf-with-dsym";
				ENABLE_NS_ASSERTIONS = NO;
				ENABLE_STRICT_OBJC_MSGSEND = YES;
				ENABLE_USER_SCRIPT_SANDBOXING = YES;
				GCC_C_LANGUAGE_STANDARD = gnu17;
				GCC_NO_COMMON_BLOCKS = YES;
				GCC_WARN_64_TO_32_BIT_CONVERSION = YES;
				GCC_WARN_ABOUT_RETURN_TYPE = YES_ERROR;
				GCC_WARN_UNDECLARED_SELECTOR = YES;
				GCC_WARN_UNINITIALIZED_AUTOS = YES_AGGRESSIVE;
				GCC_WARN_UNUSED_FUNCTION = YES;
				GCC_WARN_UNUSED_VARIABLE = YES;
				IPHONEOS_DEPLOYMENT_TARGET = 17.2;
				LOCALIZATION_PREFERS_STRING_CATALOGS = YES;
				MTL_ENABLE_DEBUG_INFO = NO;
				MTL_FAST_MATH = YES;
				SDKROOT = iphoneos;
				SWIFT_COMPILATION_MODE = wholemodule;
				VALIDATE_PRODUCT = YES;
			};
			name = Release;
		};
		09FB93BA2B515C3300AC8BCB /* Debug */ = {
			isa = XCBuildConfiguration;
			buildSettings = {
				ASSETCATALOG_COMPILER_APPICON_NAME = AppIcon;
				ASSETCATALOG_COMPILER_GLOBAL_ACCENT_COLOR_NAME = AccentColor;
				CODE_SIGN_STYLE = Automatic;
				CURRENT_PROJECT_VERSION = 1;
				DEVELOPMENT_ASSET_PATHS = "\"Touchdown/Preview Content\"";
				DEVELOPMENT_TEAM = D459R6RZK9;
				ENABLE_PREVIEWS = YES;
				GENERATE_INFOPLIST_FILE = YES;
				INFOPLIST_FILE = Touchdown/Info.plist;
				INFOPLIST_KEY_UIApplicationSceneManifest_Generation = YES;
				INFOPLIST_KEY_UIApplicationSupportsIndirectInputEvents = YES;
				INFOPLIST_KEY_UISupportedInterfaceOrientations = UIInterfaceOrientationPortrait;
				INFOPLIST_KEY_UISupportedInterfaceOrientations_iPad = "UIInterfaceOrientationLandscapeLeft UIInterfaceOrientationLandscapeRight UIInterfaceOrientationPortrait UIInterfaceOrientationPortraitUpsideDown";
				INFOPLIST_KEY_UIUserInterfaceStyle = Light;
				LD_RUNPATH_SEARCH_PATHS = (
					"$(inherited)",
					"@executable_path/Frameworks",
				);
				MARKETING_VERSION = 1.0;
				PRODUCT_BUNDLE_IDENTIFIER = com.boragundogu.Touchdown;
				PRODUCT_NAME = "$(TARGET_NAME)";
				SWIFT_EMIT_LOC_STRINGS = YES;
				SWIFT_VERSION = 5.0;
				TARGETED_DEVICE_FAMILY = "1,2";
			};
			name = Debug;
		};
		09FB93BB2B515C3300AC8BCB /* Release */ = {
			isa = XCBuildConfiguration;
			buildSettings = {
				ASSETCATALOG_COMPILER_APPICON_NAME = AppIcon;
				ASSETCATALOG_COMPILER_GLOBAL_ACCENT_COLOR_NAME = AccentColor;
				CODE_SIGN_STYLE = Automatic;
				CURRENT_PROJECT_VERSION = 1;
				DEVELOPMENT_ASSET_PATHS = "\"Touchdown/Preview Content\"";
				DEVELOPMENT_TEAM = D459R6RZK9;
				ENABLE_PREVIEWS = YES;
				GENERATE_INFOPLIST_FILE = YES;
				INFOPLIST_FILE = Touchdown/Info.plist;
				INFOPLIST_KEY_UIApplicationSceneManifest_Generation = YES;
				INFOPLIST_KEY_UIApplicationSupportsIndirectInputEvents = YES;
				INFOPLIST_KEY_UISupportedInterfaceOrientations = UIInterfaceOrientationPortrait;
				INFOPLIST_KEY_UISupportedInterfaceOrientations_iPad = "UIInterfaceOrientationLandscapeLeft UIInterfaceOrientationLandscapeRight UIInterfaceOrientationPortrait UIInterfaceOrientationPortraitUpsideDown";
				INFOPLIST_KEY_UIUserInterfaceStyle = Light;
				LD_RUNPATH_SEARCH_PATHS = (
					"$(inherited)",
					"@executable_path/Frameworks",
				);
				MARKETING_VERSION = 1.0;
				PRODUCT_BUNDLE_IDENTIFIER = com.boragundogu.Touchdown;
				PRODUCT_NAME = "$(TARGET_NAME)";
				SWIFT_EMIT_LOC_STRINGS = YES;
				SWIFT_VERSION = 5.0;
				TARGETED_DEVICE_FAMILY = "1,2";
			};
			name = Release;
		};
/* End XCBuildConfiguration section */

/* Begin XCConfigurationList section */
		09FB93A62B515C3000AC8BCB /* Build configuration list for PBXProject "Touchdown" */ = {
			isa = XCConfigurationList;
			buildConfigurations = (
				09FB93B72B515C3300AC8BCB /* Debug */,
				09FB93B82B515C3300AC8BCB /* Release */,
			);
			defaultConfigurationIsVisible = 0;
			defaultConfigurationName = Release;
		};
		09FB93B92B515C3300AC8BCB /* Build configuration list for PBXNativeTarget "Touchdown" */ = {
			isa = XCConfigurationList;
			buildConfigurations = (
				09FB93BA2B515C3300AC8BCB /* Debug */,
				09FB93BB2B515C3300AC8BCB /* Release */,
			);
			defaultConfigurationIsVisible = 0;
			defaultConfigurationName = Release;
		};
/* End XCConfigurationList section */
	};
	rootObject = 09FB93A32B515C3000AC8BCB /* Project object */;
}
